dependencies:
- name: online-counseling-keycloak
  repository: file://charts/keycloak
  version: 0.0.1
- name: online-counseling-mariadb
  repository: file://charts/mariadb
  version: 0.0.1
- name: online-counseling-mongodb
  repository: file://charts/mongodb
  version: 0.0.1
- name: online-counseling-rabbitmq
  repository: file://charts/rabbitmq
  version: 0.0.1
- name: online-counseling-redis
  repository: file://charts/redis
  version: 0.0.1
- name: signoz
  repository: https://charts.signoz.io
  version: 0.135.1
- name: k8s-infra
  repository: https://charts.signoz.io
  version: 0.17.0
digest: sha256:d9a5a9c0b9e473040258a53e8bdfd25f3a2f06578ee56636c6aacc86b3405e8b
generated: "2026-08-14T07:49:32.904684+02:00"
