dependencies:
- name: online-counseling-keycloak
  repository: file://charts/keycloak
  version: 0.0.1
- name: online-counseling-mariadb
  repository: file://charts/mariadb
  version: 0.0.1
- name: online-counseling-mongodb
  repository: file://charts/mongodb
  version: 0.0.1
- name: online-counseling-rabbitmq
  repository: file://charts/rabbitmq
  version: 0.0.1
- name: online-counseling-redis
  repository: file://charts/redis
  version: 0.0.1
- name: signoz
  repository: https://charts.signoz.io
  version: 0.135.1
digest: sha256:7af73c76aa5a6e8aca945f2dd302f2ab8301c4987008e944df0bea027dff7727
generated: "2026-08-04T16:55:25.986502+05:00"
