dependencies:
- name: online-counseling-keycloak
  repository: file://charts/keycloak
  version: 0.0.1
- name: online-counseling-mariadb
  repository: file://charts/mariadb
  version: 0.0.1
- name: online-counseling-mongodb
  repository: file://charts/mongodb
  version: 0.0.1
- name: online-counseling-rabbitmq
  repository: file://charts/rabbitmq
  version: 0.0.1
- name: online-counseling-redis
  repository: file://charts/redis
  version: 0.0.1
- name: signoz
  repository: https://charts.signoz.io
  version: 0.135.1
- name: k8s-infra
  repository: file://charts/k8s-infra
  version: 0.17.0
digest: sha256:4c6005ddab2b29f5a87d53f3b4550915abe71e7a3b79d24ed898c4808784e06d
generated: "2026-09-01T06:31:18.304298+02:00"
